
Microsoft Visual Studio Solution File, Format Version 12.00
# Visual Studio Version 17
VisualStudioVersion = 17.10.34916.146
MinimumVisualStudioVersion = 10.0.40219.1
Project("{FAE04EC0-301F-11D3-BF4B-00C04F79EFBC}") = "SistemaPeliculas", "SistemaPeliculas\SistemaPeliculas.csproj", "{A625B04C-0312-4EAE-B126-FA218DB70C97}"
EndProject
Global
	GlobalSection(SolutionConfigurationPlatforms) = preSolution
		Debug|Any CPU = Debug|Any CPU
		Release|Any CPU = Release|Any CPU
	EndGlobalSection
	GlobalSection(ProjectConfigurationPlatforms) = postSolution
		{A625B04C-0312-4EAE-B126-FA218DB70C97}.Debug|Any CPU.ActiveCfg = Debug|Any CPU
		{A625B04C-0312-4EAE-B126-FA218DB70C97}.Debug|Any CPU.Build.0 = Debug|Any CPU
		{A625B04C-0312-4EAE-B126-FA218DB70C97}.Release|Any CPU.ActiveCfg = Release|Any CPU
		{A625B04C-0312-4EAE-B126-FA218DB70C97}.Release|Any CPU.Build.0 = Release|Any CPU
	EndGlobalSection
	GlobalSection(SolutionProperties) = preSolution
		HideSolutionNode = FALSE
	EndGlobalSection
	GlobalSection(ExtensibilityGlobals) = postSolution
		SolutionGuid = {A829A091-A941-41C7-8F40-9E5859DF633A}
	EndGlobalSection
EndGlobal
